
Microsoft Visual Studio Solution File, Format Version 12.00
# Visual Studio Version 17
VisualStudioVersion = 17.13.35931.197
MinimumVisualStudioVersion = 10.0.40219.1
Project("{FAE04EC0-301F-11D3-BF4B-00C04F79EFBC}") = "GameEShop", "GameEShop\GameEShop.csproj", "{2C152E50-2F9C-471D-975A-E26B73B6C779}"
EndProject
Project("{FAE04EC0-301F-11D3-BF4B-00C04F79EFBC}") = "EShop.Application", "EShop.Application\EShop.Application.csproj", "{5CEDB67A-C816-4000-BDE5-AAEB5DED6B43}"
EndProject
Project("{2150E333-8FDC-42A3-9474-1A3956D46DE8}") = "EShopApplication", "EShopApplication", "{02EA681E-C7D8-13C7-8484-4AC65E1B71E8}"
EndProject
Project("{FAE04EC0-301F-11D3-BF4B-00C04F79EFBC}") = "EShop.Application.Tests", "EShop.Application.Tests\EShop.Application.Tests.csproj", "{53C3CE68-0F76-42CD-A9EB-1B39A12FF3EC}"
EndProject
Project("{2150E333-8FDC-42A3-9474-1A3956D46DE8}") = "EShopDomain", "EShopDomain", "{4A95941A-E03F-4C81-A3AA-12849B1962E8}"
EndProject
Project("{FAE04EC0-301F-11D3-BF4B-00C04F79EFBC}") = "EShop.Domain", "EShop.Domain\EShop.Domain.csproj", "{1100326E-711E-4400-A9B8-EF872DB194D5}"
EndProject
Project("{FAE04EC0-301F-11D3-BF4B-00C04F79EFBC}") = "EShop.Domain.Tests", "EShop.Domain.Tests\EShop.Domain.Tests.csproj", "{A87CE316-0610-464F-ACF6-34F7A682B2A7}"
EndProject
Project("{2150E333-8FDC-42A3-9474-1A3956D46DE8}") = "User", "User", "{E23C61E6-8E25-414B-9404-65EDD3821127}"
EndProject
Project("{FAE04EC0-301F-11D3-BF4B-00C04F79EFBC}") = "UserService", "UserService\UserService.csproj", "{2F732140-D617-48A1-9362-EC0EB6CBCE5C}"
EndProject
Project("{FAE04EC0-301F-11D3-BF4B-00C04F79EFBC}") = "User.Domain", "User.Domain\User.Domain.csproj", "{61001533-78BD-4BBA-A305-D51B767FB5DE}"
EndProject
Project("{FAE04EC0-301F-11D3-BF4B-00C04F79EFBC}") = "User.Application", "User.Application\User.Application.csproj", "{345C9E0A-218F-4798-ABF8-20B174AD8BE7}"
EndProject
Project("{E53339B2-1760-4266-BCC7-CA923CBCF16C}") = "docker-compose", "docker-compose.dcproj", "{81DDED9D-158B-E303-5F62-77A2896D2A5A}"
EndProject
Project("{2150E333-8FDC-42A3-9474-1A3956D46DE8}") = "EShop", "EShop", "{ED9EAF03-45D9-45A6-A020-1AA44A9D7A9A}"
EndProject
Project("{FAE04EC0-301F-11D3-BF4B-00C04F79EFBC}") = "CartService", "CartService\CartService.csproj", "{235881C8-5274-470A-A3A4-3B5ED2B38DCF}"
EndProject
Project("{2150E333-8FDC-42A3-9474-1A3956D46DE8}") = "Cart", "Cart", "{1EFE7D67-3E16-4AF8-9AE7-A8987E37C615}"
EndProject
Project("{54A90642-561A-4BB1-A94E-469ADEE60C69}") = "frontend", "frontend\frontend.esproj", "{462EE049-9FE1-B47D-1B3E-22BACA5D9185}"
EndProject
Project("{FAE04EC0-301F-11D3-BF4B-00C04F79EFBC}") = "NotificationService", "NotificationService\NotificationService.csproj", "{CF9FD0F0-B9C2-54C6-189B-77AA3D46F4C2}"
EndProject
Project("{2150E333-8FDC-42A3-9474-1A3956D46DE8}") = "Solution Items", "Solution Items", "{8EC462FD-D22E-90A8-E5CE-7E832BA40C5D}"
	ProjectSection(SolutionItems) = preProject
		.env = .env
	EndProjectSection
EndProject
Global
	GlobalSection(SolutionConfigurationPlatforms) = preSolution
		Debug|Any CPU = Debug|Any CPU
		Release|Any CPU = Release|Any CPU
	EndGlobalSection
	GlobalSection(ProjectConfigurationPlatforms) = postSolution
		{2C152E50-2F9C-471D-975A-E26B73B6C779}.Debug|Any CPU.ActiveCfg = Debug|Any CPU
		{2C152E50-2F9C-471D-975A-E26B73B6C779}.Debug|Any CPU.Build.0 = Debug|Any CPU
		{2C152E50-2F9C-471D-975A-E26B73B6C779}.Release|Any CPU.ActiveCfg = Release|Any CPU
		{2C152E50-2F9C-471D-975A-E26B73B6C779}.Release|Any CPU.Build.0 = Release|Any CPU
		{5CEDB67A-C816-4000-BDE5-AAEB5DED6B43}.Debug|Any CPU.ActiveCfg = Debug|Any CPU
		{5CEDB67A-C816-4000-BDE5-AAEB5DED6B43}.Debug|Any CPU.Build.0 = Debug|Any CPU
		{5CEDB67A-C816-4000-BDE5-AAEB5DED6B43}.Release|Any CPU.ActiveCfg = Release|Any CPU
		{5CEDB67A-C816-4000-BDE5-AAEB5DED6B43}.Release|Any CPU.Build.0 = Release|Any CPU
		{53C3CE68-0F76-42CD-A9EB-1B39A12FF3EC}.Debug|Any CPU.ActiveCfg = Debug|Any CPU
		{53C3CE68-0F76-42CD-A9EB-1B39A12FF3EC}.Debug|Any CPU.Build.0 = Debug|Any CPU
		{53C3CE68-0F76-42CD-A9EB-1B39A12FF3EC}.Release|Any CPU.ActiveCfg = Release|Any CPU
		{53C3CE68-0F76-42CD-A9EB-1B39A12FF3EC}.Release|Any CPU.Build.0 = Release|Any CPU
		{1100326E-711E-4400-A9B8-EF872DB194D5}.Debug|Any CPU.ActiveCfg = Debug|Any CPU
		{1100326E-711E-4400-A9B8-EF872DB194D5}.Debug|Any CPU.Build.0 = Debug|Any CPU
		{1100326E-711E-4400-A9B8-EF872DB194D5}.Release|Any CPU.ActiveCfg = Release|Any CPU
		{1100326E-711E-4400-A9B8-EF872DB194D5}.Release|Any CPU.Build.0 = Release|Any CPU
		{A87CE316-0610-464F-ACF6-34F7A682B2A7}.Debug|Any CPU.ActiveCfg = Debug|Any CPU
		{A87CE316-0610-464F-ACF6-34F7A682B2A7}.Debug|Any CPU.Build.0 = Debug|Any CPU
		{A87CE316-0610-464F-ACF6-34F7A682B2A7}.Release|Any CPU.ActiveCfg = Release|Any CPU
		{A87CE316-0610-464F-ACF6-34F7A682B2A7}.Release|Any CPU.Build.0 = Release|Any CPU
		{2F732140-D617-48A1-9362-EC0EB6CBCE5C}.Debug|Any CPU.ActiveCfg = Debug|Any CPU
		{2F732140-D617-48A1-9362-EC0EB6CBCE5C}.Debug|Any CPU.Build.0 = Debug|Any CPU
		{2F732140-D617-48A1-9362-EC0EB6CBCE5C}.Release|Any CPU.ActiveCfg = Release|Any CPU
		{2F732140-D617-48A1-9362-EC0EB6CBCE5C}.Release|Any CPU.Build.0 = Release|Any CPU
		{61001533-78BD-4BBA-A305-D51B767FB5DE}.Debug|Any CPU.ActiveCfg = Debug|Any CPU
		{61001533-78BD-4BBA-A305-D51B767FB5DE}.Debug|Any CPU.Build.0 = Debug|Any CPU
		{61001533-78BD-4BBA-A305-D51B767FB5DE}.Release|Any CPU.ActiveCfg = Release|Any CPU
		{61001533-78BD-4BBA-A305-D51B767FB5DE}.Release|Any CPU.Build.0 = Release|Any CPU
		{345C9E0A-218F-4798-ABF8-20B174AD8BE7}.Debug|Any CPU.ActiveCfg = Debug|Any CPU
		{345C9E0A-218F-4798-ABF8-20B174AD8BE7}.Debug|Any CPU.Build.0 = Debug|Any CPU
		{345C9E0A-218F-4798-ABF8-20B174AD8BE7}.Release|Any CPU.ActiveCfg = Release|Any CPU
		{345C9E0A-218F-4798-ABF8-20B174AD8BE7}.Release|Any CPU.Build.0 = Release|Any CPU
		{81DDED9D-158B-E303-5F62-77A2896D2A5A}.Debug|Any CPU.ActiveCfg = Debug|Any CPU
		{81DDED9D-158B-E303-5F62-77A2896D2A5A}.Debug|Any CPU.Build.0 = Debug|Any CPU
		{81DDED9D-158B-E303-5F62-77A2896D2A5A}.Release|Any CPU.ActiveCfg = Release|Any CPU
		{81DDED9D-158B-E303-5F62-77A2896D2A5A}.Release|Any CPU.Build.0 = Release|Any CPU
		{235881C8-5274-470A-A3A4-3B5ED2B38DCF}.Debug|Any CPU.ActiveCfg = Debug|Any CPU
		{235881C8-5274-470A-A3A4-3B5ED2B38DCF}.Debug|Any CPU.Build.0 = Debug|Any CPU
		{235881C8-5274-470A-A3A4-3B5ED2B38DCF}.Release|Any CPU.ActiveCfg = Release|Any CPU
		{235881C8-5274-470A-A3A4-3B5ED2B38DCF}.Release|Any CPU.Build.0 = Release|Any CPU
		{462EE049-9FE1-B47D-1B3E-22BACA5D9185}.Debug|Any CPU.ActiveCfg = Debug|Any CPU
		{462EE049-9FE1-B47D-1B3E-22BACA5D9185}.Debug|Any CPU.Build.0 = Debug|Any CPU
		{462EE049-9FE1-B47D-1B3E-22BACA5D9185}.Debug|Any CPU.Deploy.0 = Debug|Any CPU
		{462EE049-9FE1-B47D-1B3E-22BACA5D9185}.Release|Any CPU.ActiveCfg = Release|Any CPU
		{462EE049-9FE1-B47D-1B3E-22BACA5D9185}.Release|Any CPU.Build.0 = Release|Any CPU
		{462EE049-9FE1-B47D-1B3E-22BACA5D9185}.Release|Any CPU.Deploy.0 = Release|Any CPU
		{CF9FD0F0-B9C2-54C6-189B-77AA3D46F4C2}.Debug|Any CPU.ActiveCfg = Debug|Any CPU
		{CF9FD0F0-B9C2-54C6-189B-77AA3D46F4C2}.Debug|Any CPU.Build.0 = Debug|Any CPU
		{CF9FD0F0-B9C2-54C6-189B-77AA3D46F4C2}.Release|Any CPU.ActiveCfg = Release|Any CPU
		{CF9FD0F0-B9C2-54C6-189B-77AA3D46F4C2}.Release|Any CPU.Build.0 = Release|Any CPU
	EndGlobalSection
	GlobalSection(SolutionProperties) = preSolution
		HideSolutionNode = FALSE
	EndGlobalSection
	GlobalSection(NestedProjects) = preSolution
		{2C152E50-2F9C-471D-975A-E26B73B6C779} = {ED9EAF03-45D9-45A6-A020-1AA44A9D7A9A}
		{5CEDB67A-C816-4000-BDE5-AAEB5DED6B43} = {02EA681E-C7D8-13C7-8484-4AC65E1B71E8}
		{02EA681E-C7D8-13C7-8484-4AC65E1B71E8} = {ED9EAF03-45D9-45A6-A020-1AA44A9D7A9A}
		{53C3CE68-0F76-42CD-A9EB-1B39A12FF3EC} = {02EA681E-C7D8-13C7-8484-4AC65E1B71E8}
		{4A95941A-E03F-4C81-A3AA-12849B1962E8} = {ED9EAF03-45D9-45A6-A020-1AA44A9D7A9A}
		{1100326E-711E-4400-A9B8-EF872DB194D5} = {4A95941A-E03F-4C81-A3AA-12849B1962E8}
		{A87CE316-0610-464F-ACF6-34F7A682B2A7} = {4A95941A-E03F-4C81-A3AA-12849B1962E8}
		{2F732140-D617-48A1-9362-EC0EB6CBCE5C} = {E23C61E6-8E25-414B-9404-65EDD3821127}
		{61001533-78BD-4BBA-A305-D51B767FB5DE} = {E23C61E6-8E25-414B-9404-65EDD3821127}
		{345C9E0A-218F-4798-ABF8-20B174AD8BE7} = {E23C61E6-8E25-414B-9404-65EDD3821127}
		{235881C8-5274-470A-A3A4-3B5ED2B38DCF} = {1EFE7D67-3E16-4AF8-9AE7-A8987E37C615}
	EndGlobalSection
	GlobalSection(ExtensibilityGlobals) = postSolution
		SolutionGuid = {9822F63A-3F1D-4800-ABFC-027233255434}
	EndGlobalSection
EndGlobal
